// !$*UTF8*$!
{
	archiveVersion = 1;
	classes = {
	};
	objectVersion = 46;
	objects = {

/* Begin PBXBuildFile section */
		DE1B8D8B1EAD0CA400F69387 /* CYMessageView.m in Sources */ = {isa = PBXBuildFile; fileRef = DE1B8D8A1EAD0CA400F69387 /* CYMessageView.m */; };
		DEA187461EA9A46000849B01 /* main.m in Sources */ = {isa = PBXBuildFile; fileRef = DEA187451EA9A46000849B01 /* main.m */; };
		DEA187491EA9A46000849B01 /* AppDelegate.m in Sources */ = {isa = PBXBuildFile; fileRef = DEA187481EA9A46000849B01 /* AppDelegate.m */; };
		DEA1874C1EA9A46000849B01 /* ViewController.m in Sources */ = {isa = PBXBuildFile; fileRef = DEA1874B1EA9A46000849B01 /* ViewController.m */; };
		DEA1874F1EA9A46000849B01 /* Main.storyboard in Resources */ = {isa = PBXBuildFile; fileRef = DEA1874D1EA9A46000849B01 /* Main.storyboard */; };
		DEA187511EA9A46000849B01 /* Assets.xcassets in Resources */ = {isa = PBXBuildFile; fileRef = DEA187501EA9A46000849B01 /* Assets.xcassets */; };
		DEA187541EA9A46000849B01 /* LaunchScreen.storyboard in Resources */ = {isa = PBXBuildFile; fileRef = DEA187521EA9A46000849B01 /* LaunchScreen.storyboard */; };
		DEA1875F1EA9A46000849B01 /* MessageViewDemoTests.m in Sources */ = {isa = PBXBuildFile; fileRef = DEA1875E1EA9A46000849B01 /* MessageViewDemoTests.m */; };
		DEA1876A1EA9A46100849B01 /* MessageViewDemoUITests.m in Sources */ = {isa = PBXBuildFile; fileRef = DEA187691EA9A46100849B01 /* MessageViewDemoUITests.m */; };
/* End PBXBuildFile section */

/* Begin PBXContainerItemProxy section */
		DEA1875B1EA9A46000849B01 /* PBXContainerItemProxy */ = {
			isa = PBXContainerItemProxy;
			containerPortal = DEA187391EA9A46000849B01 /* Project object */;
			proxyType = 1;
			remoteGlobalIDString = DEA187401EA9A46000849B01;
			remoteInfo = MessageViewDemo;
		};
		DEA187661EA9A46100849B01 /* PBXContainerItemProxy */ = {
			isa = PBXContainerItemProxy;
			containerPortal = DEA187391EA9A46000849B01 /* Project object */;
			proxyType = 1;
			remoteGlobalIDString = DEA187401EA9A46000849B01;
			remoteInfo = MessageViewDemo;
		};
/* End PBXContainerItemProxy section */

/* Begin PBXFileReference section */
		DE1B8D891EAD0CA400F69387 /* CYMessageView.h */ = {isa = PBXFileReference; fileEncoding = 4; lastKnownFileType = sourcecode.c.h; path = CYMessageView.h; sourceTree = "<group>"; };
		DE1B8D8A1EAD0CA400F69387 /* CYMessageView.m */ = {isa = PBXFileReference; fileEncoding = 4; lastKnownFileType = sourcecode.c.objc; path = CYMessageView.m; sourceTree = "<group>"; };
		DEA187411EA9A46000849B01 /* MessageViewDemo.app */ = {isa = PBXFileReference; explicitFileType = wrapper.application; includeInIndex = 0; path = MessageViewDemo.app; sourceTree = BUILT_PRODUCTS_DIR; };
		DEA187451EA9A46000849B01 /* main.m */ = {isa = PBXFileReference; lastKnownFileType = sourcecode.c.objc; path = main.m; sourceTree = "<group>"; };
		DEA187471EA9A46000849B01 /* AppDelegate.h */ = {isa = PBXFileReference; lastKnownFileType = sourcecode.c.h; path = AppDelegate.h; sourceTree = "<group>"; };
		DEA187481EA9A46000849B01 /* AppDelegate.m */ = {isa = PBXFileReference; lastKnownFileType = sourcecode.c.objc; path = AppDelegate.m; sourceTree = "<group>"; };
		DEA1874A1EA9A46000849B01 /* ViewController.h */ = {isa = PBXFileReference; lastKnownFileType = sourcecode.c.h; path = ViewController.h; sourceTree = "<group>"; };
		DEA1874B1EA9A46000849B01 /* ViewController.m */ = {isa = PBXFileReference; lastKnownFileType = sourcecode.c.objc; path = ViewController.m; sourceTree = "<group>"; };
		DEA1874E1EA9A46000849B01 /* Base */ = {isa = PBXFileReference; lastKnownFileType = file.storyboard; name = Base; path = Base.lproj/Main.storyboard; sourceTree = "<group>"; };
		DEA187501EA9A46000849B01 /* Assets.xcassets */ = {isa = PBXFileReference; lastKnownFileType = folder.assetcatalog; path = Assets.xcassets; sourceTree = "<group>"; };
		DEA187531EA9A46000849B01 /* Base */ = {isa = PBXFileReference; lastKnownFileType = file.storyboard; name = Base; path = Base.lproj/LaunchScreen.storyboard; sourceTree = "<group>"; };
		DEA187551EA9A46000849B01 /* Info.plist */ = {isa = PBXFileReference; lastKnownFileType = text.plist.xml; path = Info.plist; sourceTree = "<group>"; };
		DEA1875A1EA9A46000849B01 /* MessageViewDemoTests.xctest */ = {isa = PBXFileReference; explicitFileType = wrapper.cfbundle; includeInIndex = 0; path = MessageViewDemoTests.xctest; sourceTree = BUILT_PRODUCTS_DIR; };
		DEA1875E1EA9A46000849B01 /* MessageViewDemoTests.m */ = {isa = PBXFileReference; lastKnownFileType = sourcecode.c.objc; path = MessageViewDemoTests.m; sourceTree = "<group>"; };
		DEA187601EA9A46100849B01 /* Info.plist */ = {isa = PBXFileReference; lastKnownFileType = text.plist.xml; path = Info.plist; sourceTree = "<group>"; };
		DEA187651EA9A46100849B01 /* MessageViewDemoUITests.xctest */ = {isa = PBXFileReference; explicitFileType = wrapper.cfbundle; includeInIndex = 0; path = MessageViewDemoUITests.xctest; sourceTree = BUILT_PRODUCTS_DIR; };
		DEA187691EA9A46100849B01 /* MessageViewDemoUITests.m */ = {isa = PBXFileReference; lastKnownFileType = sourcecode.c.objc; path = MessageViewDemoUITests.m; sourceTree = "<group>"; };
		DEA1876B1EA9A46100849B01 /* Info.plist */ = {isa = PBXFileReference; lastKnownFileType = text.plist.xml; path = Info.plist; sourceTree = "<group>"; };
/* End PBXFileReference section */

/* Begin PBXFrameworksBuildPhase section */
		DEA1873E1EA9A46000849B01 /* Frameworks */ = {
			isa = PBXFrameworksBuildPhase;
			buildActionMask = 2147483647;
			files = (
			);
			runOnlyForDeploymentPostprocessing = 0;
		};
		DEA187571EA9A46000849B01 /* Frameworks */ = {
			isa = PBXFrameworksBuildPhase;
			buildActionMask = 2147483647;
			files = (
			);
			runOnlyForDeploymentPostprocessing = 0;
		};
		DEA187621EA9A46100849B01 /* Frameworks */ = {
			isa = PBXFrameworksBuildPhase;
			buildActionMask = 2147483647;
			files = (
			);
			runOnlyForDeploymentPostprocessing = 0;
		};
/* End PBXFrameworksBuildPhase section */

/* Begin PBXGroup section */
		DE1B8D881EAD0CA400F69387 /* CYMessageView */ = {
			isa = PBXGroup;
			children = (
				DE1B8D891EAD0CA400F69387 /* CYMessageView.h */,
				DE1B8D8A1EAD0CA400F69387 /* CYMessageView.m */,
			);
			name = CYMessageView;
			path = ../../CYMessageView;
			sourceTree = "<group>";
		};
		DEA187381EA9A46000849B01 = {
			isa = PBXGroup;
			children = (
				DEA187431EA9A46000849B01 /* MessageViewDemo */,
				DEA1875D1EA9A46000849B01 /* MessageViewDemoTests */,
				DEA187681EA9A46100849B01 /* MessageViewDemoUITests */,
				DEA187421EA9A46000849B01 /* Products */,
			);
			sourceTree = "<group>";
		};
		DEA187421EA9A46000849B01 /* Products */ = {
			isa = PBXGroup;
			children = (
				DEA187411EA9A46000849B01 /* MessageViewDemo.app */,
				DEA1875A1EA9A46000849B01 /* MessageViewDemoTests.xctest */,
				DEA187651EA9A46100849B01 /* MessageViewDemoUITests.xctest */,
			);
			name = Products;
			sourceTree = "<group>";
		};
		DEA187431EA9A46000849B01 /* MessageViewDemo */ = {
			isa = PBXGroup;
			children = (
				DE1B8D881EAD0CA400F69387 /* CYMessageView */,
				DEA187471EA9A46000849B01 /* AppDelegate.h */,
				DEA187481EA9A46000849B01 /* AppDelegate.m */,
				DEA1874A1EA9A46000849B01 /* ViewController.h */,
				DEA1874B1EA9A46000849B01 /* ViewController.m */,
				DEA1874D1EA9A46000849B01 /* Main.storyboard */,
				DEA187501EA9A46000849B01 /* Assets.xcassets */,
				DEA187521EA9A46000849B01 /* LaunchScreen.storyboard */,
				DEA187551EA9A46000849B01 /* Info.plist */,
				DEA187441EA9A46000849B01 /* Supporting Files */,
			);
			path = MessageViewDemo;
			sourceTree = "<group>";
		};
		DEA187441EA9A46000849B01 /* Supporting Files */ = {
			isa = PBXGroup;
			children = (
				DEA187451EA9A46000849B01 /* main.m */,
			);
			name = "Supporting Files";
			sourceTree = "<group>";
		};
		DEA1875D1EA9A46000849B01 /* MessageViewDemoTests */ = {
			isa = PBXGroup;
			children = (
				DEA1875E1EA9A46000849B01 /* MessageViewDemoTests.m */,
				DEA187601EA9A46100849B01 /* Info.plist */,
			);
			path = MessageViewDemoTests;
			sourceTree = "<group>";
		};
		DEA187681EA9A46100849B01 /* MessageViewDemoUITests */ = {
			isa = PBXGroup;
			children = (
				DEA187691EA9A46100849B01 /* MessageViewDemoUITests.m */,
				DEA1876B1EA9A46100849B01 /* Info.plist */,
			);
			path = MessageViewDemoUITests;
			sourceTree = "<group>";
		};
/* End PBXGroup section */

/* Begin PBXNativeTarget section */
		DEA187401EA9A46000849B01 /* MessageViewDemo */ = {
			isa = PBXNativeTarget;
			buildConfigurationList = DEA1876E1EA9A46100849B01 /* Build configuration list for PBXNativeTarget "MessageViewDemo" */;
			buildPhases = (
				DEA1873D1EA9A46000849B01 /* Sources */,
				DEA1873E1EA9A46000849B01 /* Frameworks */,
				DEA1873F1EA9A46000849B01 /* Resources */,
			);
			buildRules = (
			);
			dependencies = (
			);
			name = MessageViewDemo;
			productName = MessageViewDemo;
			productReference = DEA187411EA9A46000849B01 /* MessageViewDemo.app */;
			productType = "com.apple.product-type.application";
		};
		DEA187591EA9A46000849B01 /* MessageViewDemoTests */ = {
			isa = PBXNativeTarget;
			buildConfigurationList = DEA187711EA9A46100849B01 /* Build configuration list for PBXNativeTarget "MessageViewDemoTests" */;
			buildPhases = (
				DEA187561EA9A46000849B01 /* Sources */,
				DEA187571EA9A46000849B01 /* Frameworks */,
				DEA187581EA9A46000849B01 /* Resources */,
			);
			buildRules = (
			);
			dependencies = (
				DEA1875C1EA9A46000849B01 /* PBXTargetDependency */,
			);
			name = MessageViewDemoTests;
			productName = MessageViewDemoTests;
			productReference = DEA1875A1EA9A46000849B01 /* MessageViewDemoTests.xctest */;
			productType = "com.apple.product-type.bundle.unit-test";
		};
		DEA187641EA9A46100849B01 /* MessageViewDemoUITests */ = {
			isa = PBXNativeTarget;
			buildConfigurationList = DEA187741EA9A46100849B01 /* Build configuration list for PBXNativeTarget "MessageViewDemoUITests" */;
			buildPhases = (
				DEA187611EA9A46100849B01 /* Sources */,
				DEA187621EA9A46100849B01 /* Frameworks */,
				DEA187631EA9A46100849B01 /* Resources */,
			);
			buildRules = (
			);
			dependencies = (
				DEA187671EA9A46100849B01 /* PBXTargetDependency */,
			);
			name = MessageViewDemoUITests;
			productName = MessageViewDemoUITests;
			productReference = DEA187651EA9A46100849B01 /* MessageViewDemoUITests.xctest */;
			productType = "com.apple.product-type.bundle.ui-testing";
		};
/* End PBXNativeTarget section */

/* Begin PBXProject section */
		DEA187391EA9A46000849B01 /* Project object */ = {
			isa = PBXProject;
			attributes = {
				LastUpgradeCheck = 0810;
				ORGANIZATIONNAME = CYYUN;
				TargetAttributes = {
					DEA187401EA9A46000849B01 = {
						CreatedOnToolsVersion = 8.1;
						DevelopmentTeam = ZF6TVZV5SQ;
						ProvisioningStyle = Automatic;
					};
					DEA187591EA9A46000849B01 = {
						CreatedOnToolsVersion = 8.1;
						ProvisioningStyle = Automatic;
						TestTargetID = DEA187401EA9A46000849B01;
					};
					DEA187641EA9A46100849B01 = {
						CreatedOnToolsVersion = 8.1;
						ProvisioningStyle = Automatic;
						TestTargetID = DEA187401EA9A46000849B01;
					};
				};
			};
			buildConfigurationList = DEA1873C1EA9A46000849B01 /* Build configuration list for PBXProject "MessageViewDemo" */;
			compatibilityVersion = "Xcode 3.2";
			developmentRegion = English;
			hasScannedForEncodings = 0;
			knownRegions = (
				en,
				Base,
			);
			mainGroup = DEA187381EA9A46000849B01;
			productRefGroup = DEA187421EA9A46000849B01 /* Products */;
			projectDirPath = "";
			projectRoot = "";
			targets = (
				DEA187401EA9A46000849B01 /* MessageViewDemo */,
				DEA187591EA9A46000849B01 /* MessageViewDemoTests */,
				DEA187641EA9A46100849B01 /* MessageViewDemoUITests */,
			);
		};
/* End PBXProject section */

/* Begin PBXResourcesBuildPhase section */
		DEA1873F1EA9A46000849B01 /* Resources */ = {
			isa = PBXResourcesBuildPhase;
			buildActionMask = 2147483647;
			files = (
				DEA187541EA9A46000849B01 /* LaunchScreen.storyboard in Resources */,
				DEA187511EA9A46000849B01 /* Assets.xcassets in Resources */,
				DEA1874F1EA9A46000849B01 /* Main.storyboard in Resources */,
			);
			runOnlyForDeploymentPostprocessing = 0;
		};
		DEA187581EA9A46000849B01 /* Resources */ = {
			isa = PBXResourcesBuildPhase;
			buildActionMask = 2147483647;
			files = (
			);
			runOnlyForDeploymentPostprocessing = 0;
		};
		DEA187631EA9A46100849B01 /* Resources */ = {
			isa = PBXResourcesBuildPhase;
			buildActionMask = 2147483647;
			files = (
			);
			runOnlyForDeploymentPostprocessing = 0;
		};
/* End PBXResourcesBuildPhase section */

/* Begin PBXSourcesBuildPhase section */
		DEA1873D1EA9A46000849B01 /* Sources */ = {
			isa = PBXSourcesBuildPhase;
			buildActionMask = 2147483647;
			files = (
				DEA1874C1EA9A46000849B01 /* ViewController.m in Sources */,
				DEA187491EA9A46000849B01 /* AppDelegate.m in Sources */,
				DE1B8D8B1EAD0CA400F69387 /* CYMessageView.m in Sources */,
				DEA187461EA9A46000849B01 /* main.m in Sources */,
			);
			runOnlyForDeploymentPostprocessing = 0;
		};
		DEA187561EA9A46000849B01 /* Sources */ = {
			isa = PBXSourcesBuildPhase;
			buildActionMask = 2147483647;
			files = (
				DEA1875F1EA9A46000849B01 /* MessageViewDemoTests.m in Sources */,
			);
			runOnlyForDeploymentPostprocessing = 0;
		};
		DEA187611EA9A46100849B01 /* Sources */ = {
			isa = PBXSourcesBuildPhase;
			buildActionMask = 2147483647;
			files = (
				DEA1876A1EA9A46100849B01 /* MessageViewDemoUITests.m in Sources */,
			);
			runOnlyForDeploymentPostprocessing = 0;
		};
/* End PBXSourcesBuildPhase section */

/* Begin PBXTargetDependency section */
		DEA1875C1EA9A46000849B01 /* PBXTargetDependency */ = {
			isa = PBXTargetDependency;
			target = DEA187401EA9A46000849B01 /* MessageViewDemo */;
			targetProxy = DEA1875B1EA9A46000849B01 /* PBXContainerItemProxy */;
		};
		DEA187671EA9A46100849B01 /* PBXTargetDependency */ = {
			isa = PBXTargetDependency;
			target = DEA187401EA9A46000849B01 /* MessageViewDemo */;
			targetProxy = DEA187661EA9A46100849B01 /* PBXContainerItemProxy */;
		};
/* End PBXTargetDependency section */

/* Begin PBXVariantGroup section */
		DEA1874D1EA9A46000849B01 /* Main.storyboard */ = {
			isa = PBXVariantGroup;
			children = (
				DEA1874E1EA9A46000849B01 /* Base */,
			);
			name = Main.storyboard;
			sourceTree = "<group>";
		};
		DEA187521EA9A46000849B01 /* LaunchScreen.storyboard */ = {
			isa = PBXVariantGroup;
			children = (
				DEA187531EA9A46000849B01 /* Base */,
			);
			name = LaunchScreen.storyboard;
			sourceTree = "<group>";
		};
/* End PBXVariantGroup section */

/* Begin XCBuildConfiguration section */
		DEA1876C1EA9A46100849B01 /* Debug */ = {
			isa = XCBuildConfiguration;
			buildSettings = {
				ALWAYS_SEARCH_USER_PATHS = NO;
				CLANG_ANALYZER_NONNULL = YES;
				CLANG_CXX_LANGUAGE_STANDARD = "gnu++0x";
				CLANG_CXX_LIBRARY = "libc++";
				CLANG_ENABLE_MODULES = YES;
				CLANG_ENABLE_OBJC_ARC = YES;
				CLANG_WARN_BOOL_CONVERSION = YES;
				CLANG_WARN_CONSTANT_CONVERSION = YES;
				CLANG_WARN_DIRECT_OBJC_ISA_USAGE = YES_ERROR;
				CLANG_WARN_DOCUMENTATION_COMMENTS = YES;
				CLANG_WARN_EMPTY_BODY = YES;
				CLANG_WARN_ENUM_CONVERSION = YES;
				CLANG_WARN_INFINITE_RECURSION = YES;
				CLANG_WARN_INT_CONVERSION = YES;
				CLANG_WARN_OBJC_ROOT_CLASS = YES_ERROR;
				CLANG_WARN_SUSPICIOUS_MOVES = YES;
				CLANG_WARN_UNREACHABLE_CODE = YES;
				CLANG_WARN__DUPLICATE_METHOD_MATCH = YES;
				"CODE_SIGN_IDENTITY[sdk=iphoneos*]" = "iPhone Developer";
				COPY_PHASE_STRIP = NO;
				DEBUG_INFORMATION_FORMAT = dwarf;
				ENABLE_STRICT_OBJC_MSGSEND = YES;
				ENABLE_TESTABILITY = YES;
				GCC_C_LANGUAGE_STANDARD = gnu99;
				GCC_DYNAMIC_NO_PIC = NO;
				GCC_NO_COMMON_BLOCKS = YES;
				GCC_OPTIMIZATION_LEVEL = 0;
				GCC_PREPROCESSOR_DEFINITIONS = (
					"DEBUG=1",
					"$(inherited)",
				);
				GCC_WARN_64_TO_32_BIT_CONVERSION = YES;
				GCC_WARN_ABOUT_RETURN_TYPE = YES_ERROR;
				GCC_WARN_UNDECLARED_SELECTOR = YES;
				GCC_WARN_UNINITIALIZED_AUTOS = YES_AGGRESSIVE;
				GCC_WARN_UNUSED_FUNCTION = YES;
				GCC_WARN_UNUSED_VARIABLE = YES;
				IPHONEOS_DEPLOYMENT_TARGET = 10.1;
				MTL_ENABLE_DEBUG_INFO = YES;
				ONLY_ACTIVE_ARCH = YES;
				SDKROOT = iphoneos;
			};
			name = Debug;
		};
		DEA1876D1EA9A46100849B01 /* Release */ = {
			isa = XCBuildConfiguration;
			buildSettings = {
				ALWAYS_SEARCH_USER_PATHS = NO;
				CLANG_ANALYZER_NONNULL = YES;
				CLANG_CXX_LANGUAGE_STANDARD = "gnu++0x";
				CLANG_CXX_LIBRARY = "libc++";
				CLANG_ENABLE_MODULES = YES;
				CLANG_ENABLE_OBJC_ARC = YES;
				CLANG_WARN_BOOL_CONVERSION = YES;
				CLANG_WARN_CONSTANT_CONVERSION = YES;
				CLANG_WARN_DIRECT_OBJC_ISA_USAGE = YES_ERROR;
				CLANG_WARN_DOCUMENTATION_COMMENTS = YES;
				CLANG_WARN_EMPTY_BODY = YES;
				CLANG_WARN_ENUM_CONVERSION = YES;
				CLANG_WARN_INFINITE_RECURSION = YES;
				CLANG_WARN_INT_CONVERSION = YES;
				CLANG_WARN_OBJC_ROOT_CLASS = YES_ERROR;
				CLANG_WARN_SUSPICIOUS_MOVES = YES;
				CLANG_WARN_UNREACHABLE_CODE = YES;
				CLANG_WARN__DUPLICATE_METHOD_MATCH = YES;
				"CODE_SIGN_IDENTITY[sdk=iphoneos*]" = "iPhone Developer";
				COPY_PHASE_STRIP = NO;
				DEBUG_INFORMATION_FORMAT = "dwarf-with-dsym";
				ENABLE_NS_ASSERTIONS = NO;
				ENABLE_STRICT_OBJC_MSGSEND = YES;
				GCC_C_LANGUAGE_STANDARD = gnu99;
				GCC_NO_COMMON_BLOCKS = YES;
				GCC_WARN_64_TO_32_BIT_CONVERSION = YES;
				GCC_WARN_ABOUT_RETURN_TYPE = YES_ERROR;
				GCC_WARN_UNDECLARED_SELECTOR = YES;
				GCC_WARN_UNINITIALIZED_AUTOS = YES_AGGRESSIVE;
				GCC_WARN_UNUSED_FUNCTION = YES;
				GCC_WARN_UNUSED_VARIABLE = YES;
				IPHONEOS_DEPLOYMENT_TARGET = 10.1;
				MTL_ENABLE_DEBUG_INFO = NO;
				SDKROOT = iphoneos;
				VALIDATE_PRODUCT = YES;
			};
			name = Release;
		};
		DEA1876F1EA9A46100849B01 /* Debug */ = {
			isa = XCBuildConfiguration;
			buildSettings = {
				ASSETCATALOG_COMPILER_APPICON_NAME = AppIcon;
				DEVELOPMENT_TEAM = ZF6TVZV5SQ;
				INFOPLIST_FILE = MessageViewDemo/Info.plist;
				IPHONEOS_DEPLOYMENT_TARGET = 8.0;
				LD_RUNPATH_SEARCH_PATHS = "$(inherited) @executable_path/Frameworks";
				PRODUCT_BUNDLE_IDENTIFIER = com.cyyun.MessageViewDemo;
				PRODUCT_NAME = "$(TARGET_NAME)";
			};
			name = Debug;
		};
		DEA187701EA9A46100849B01 /* Release */ = {
			isa = XCBuildConfiguration;
			buildSettings = {
				ASSETCATALOG_COMPILER_APPICON_NAME = AppIcon;
				DEVELOPMENT_TEAM = ZF6TVZV5SQ;
				INFOPLIST_FILE = MessageViewDemo/Info.plist;
				IPHONEOS_DEPLOYMENT_TARGET = 8.0;
				LD_RUNPATH_SEARCH_PATHS = "$(inherited) @executable_path/Frameworks";
				PRODUCT_BUNDLE_IDENTIFIER = com.cyyun.MessageViewDemo;
				PRODUCT_NAME = "$(TARGET_NAME)";
			};
			name = Release;
		};
		DEA187721EA9A46100849B01 /* Debug */ = {
			isa = XCBuildConfiguration;
			buildSettings = {
				BUNDLE_LOADER = "$(TEST_HOST)";
				INFOPLIST_FILE = MessageViewDemoTests/Info.plist;
				LD_RUNPATH_SEARCH_PATHS = "$(inherited) @executable_path/Frameworks @loader_path/Frameworks";
				PRODUCT_BUNDLE_IDENTIFIER = com.cyyun.MessageViewDemoTests;
				PRODUCT_NAME = "$(TARGET_NAME)";
				TEST_HOST = "$(BUILT_PRODUCTS_DIR)/MessageViewDemo.app/MessageViewDemo";
			};
			name = Debug;
		};
		DEA187731EA9A46100849B01 /* Release */ = {
			isa = XCBuildConfiguration;
			buildSettings = {
				BUNDLE_LOADER = "$(TEST_HOST)";
				INFOPLIST_FILE = MessageViewDemoTests/Info.plist;
				LD_RUNPATH_SEARCH_PATHS = "$(inherited) @executable_path/Frameworks @loader_path/Frameworks";
				PRODUCT_BUNDLE_IDENTIFIER = com.cyyun.MessageViewDemoTests;
				PRODUCT_NAME = "$(TARGET_NAME)";
				TEST_HOST = "$(BUILT_PRODUCTS_DIR)/MessageViewDemo.app/MessageViewDemo";
			};
			name = Release;
		};
		DEA187751EA9A46100849B01 /* Debug */ = {
			isa = XCBuildConfiguration;
			buildSettings = {
				INFOPLIST_FILE = MessageViewDemoUITests/Info.plist;
				LD_RUNPATH_SEARCH_PATHS = "$(inherited) @executable_path/Frameworks @loader_path/Frameworks";
				PRODUCT_BUNDLE_IDENTIFIER = com.cyyun.MessageViewDemoUITests;
				PRODUCT_NAME = "$(TARGET_NAME)";
				TEST_TARGET_NAME = MessageViewDemo;
			};
			name = Debug;
		};
		DEA187761EA9A46100849B01 /* Release */ = {
			isa = XCBuildConfiguration;
			buildSettings = {
				INFOPLIST_FILE = MessageViewDemoUITests/Info.plist;
				LD_RUNPATH_SEARCH_PATHS = "$(inherited) @executable_path/Frameworks @loader_path/Frameworks";
				PRODUCT_BUNDLE_IDENTIFIER = com.cyyun.MessageViewDemoUITests;
				PRODUCT_NAME = "$(TARGET_NAME)";
				TEST_TARGET_NAME = MessageViewDemo;
			};
			name = Release;
		};
/* End XCBuildConfiguration section */

/* Begin XCConfigurationList section */
		DEA1873C1EA9A46000849B01 /* Build configuration list for PBXProject "MessageViewDemo" */ = {
			isa = XCConfigurationList;
			buildConfigurations = (
				DEA1876C1EA9A46100849B01 /* Debug */,
				DEA1876D1EA9A46100849B01 /* Release */,
			);
			defaultConfigurationIsVisible = 0;
			defaultConfigurationName = Release;
		};
		DEA1876E1EA9A46100849B01 /* Build configuration list for PBXNativeTarget "MessageViewDemo" */ = {
			isa = XCConfigurationList;
			buildConfigurations = (
				DEA1876F1EA9A46100849B01 /* Debug */,
				DEA187701EA9A46100849B01 /* Release */,
			);
			defaultConfigurationIsVisible = 0;
			defaultConfigurationName = Release;
		};
		DEA187711EA9A46100849B01 /* Build configuration list for PBXNativeTarget "MessageViewDemoTests" */ = {
			isa = XCConfigurationList;
			buildConfigurations = (
				DEA187721EA9A46100849B01 /* Debug */,
				DEA187731EA9A46100849B01 /* Release */,
			);
			defaultConfigurationIsVisible = 0;
			defaultConfigurationName = Release;
		};
		DEA187741EA9A46100849B01 /* Build configuration list for PBXNativeTarget "MessageViewDemoUITests" */ = {
			isa = XCConfigurationList;
			buildConfigurations = (
				DEA187751EA9A46100849B01 /* Debug */,
				DEA187761EA9A46100849B01 /* Release */,
			);
			defaultConfigurationIsVisible = 0;
			defaultConfigurationName = Release;
		};
/* End XCConfigurationList section */
	};
	rootObject = DEA187391EA9A46000849B01 /* Project object */;
}
